
Microsoft Visual Studio Solution File, Format Version 12.00
# Visual Studio Version 17
VisualStudioVersion = 17.1.32210.238
MinimumVisualStudioVersion = 10.0.40219.1
Project("{FAE04EC0-301F-11D3-BF4B-00C04F79EFBC}") = "LINQ Exercises", "LINQ Exercises\LINQ Exercises.csproj", "{90B64F11-E468-471C-9824-A1B41DF00E66}"
EndProject
Global
	GlobalSection(SolutionConfigurationPlatforms) = preSolution
		Debug|Any CPU = Debug|Any CPU
		Release|Any CPU = Release|Any CPU
	EndGlobalSection
	GlobalSection(ProjectConfigurationPlatforms) = postSolution
		{90B64F11-E468-471C-9824-A1B41DF00E66}.Debug|Any CPU.ActiveCfg = Debug|Any CPU
		{90B64F11-E468-471C-9824-A1B41DF00E66}.Debug|Any CPU.Build.0 = Debug|Any CPU
		{90B64F11-E468-471C-9824-A1B41DF00E66}.Release|Any CPU.ActiveCfg = Release|Any CPU
		{90B64F11-E468-471C-9824-A1B41DF00E66}.Release|Any CPU.Build.0 = Release|Any CPU
	EndGlobalSection
	GlobalSection(SolutionProperties) = preSolution
		HideSolutionNode = FALSE
	EndGlobalSection
	GlobalSection(ExtensibilityGlobals) = postSolution
		SolutionGuid = {99D25000-2780-4262-B03F-C8D690CFEB44}
	EndGlobalSection
EndGlobal
